
Microsoft Visual Studio Solution File, Format Version 12.00
# Visual Studio 15
VisualStudioVersion = 15.0.26124.0
MinimumVisualStudioVersion = 15.0.26124.0
Project("{FAE04EC0-301F-11D3-BF4B-00C04F79EFBC}") = "application", "Api.Application\application.csproj", "{603F61E4-C3EB-4E87-BF47-A80574B8D9EF}"
EndProject
Project("{FAE04EC0-301F-11D3-BF4B-00C04F79EFBC}") = "Domain", "Api.Domain\Domain.csproj", "{08FB092A-25DE-4F80-ABD6-88C6C9F0CE36}"
EndProject
Project("{FAE04EC0-301F-11D3-BF4B-00C04F79EFBC}") = "CrossCutting", "Api.CrossCutting\CrossCutting.csproj", "{CE93740F-768A-4D0A-A942-B72EA487D84F}"
EndProject
Project("{FAE04EC0-301F-11D3-BF4B-00C04F79EFBC}") = "Data", "Api.Data\Data.csproj", "{23277E38-36AE-47FD-9511-041D94BCD578}"
EndProject
Project("{FAE04EC0-301F-11D3-BF4B-00C04F79EFBC}") = "Service", "Api.Service\Service.csproj", "{66DC1E1A-9348-4DD2-9879-86212536D66A}"
EndProject
Global
	GlobalSection(SolutionConfigurationPlatforms) = preSolution
		Debug|Any CPU = Debug|Any CPU
		Debug|x64 = Debug|x64
		Debug|x86 = Debug|x86
		Release|Any CPU = Release|Any CPU
		Release|x64 = Release|x64
		Release|x86 = Release|x86
	EndGlobalSection
	GlobalSection(SolutionProperties) = preSolution
		HideSolutionNode = FALSE
	EndGlobalSection
	GlobalSection(ProjectConfigurationPlatforms) = postSolution
		{603F61E4-C3EB-4E87-BF47-A80574B8D9EF}.Debug|Any CPU.ActiveCfg = Debug|Any CPU
		{603F61E4-C3EB-4E87-BF47-A80574B8D9EF}.Debug|Any CPU.Build.0 = Debug|Any CPU
		{603F61E4-C3EB-4E87-BF47-A80574B8D9EF}.Debug|x64.ActiveCfg = Debug|Any CPU
		{603F61E4-C3EB-4E87-BF47-A80574B8D9EF}.Debug|x64.Build.0 = Debug|Any CPU
		{603F61E4-C3EB-4E87-BF47-A80574B8D9EF}.Debug|x86.ActiveCfg = Debug|Any CPU
		{603F61E4-C3EB-4E87-BF47-A80574B8D9EF}.Debug|x86.Build.0 = Debug|Any CPU
		{603F61E4-C3EB-4E87-BF47-A80574B8D9EF}.Release|Any CPU.ActiveCfg = Release|Any CPU
		{603F61E4-C3EB-4E87-BF47-A80574B8D9EF}.Release|Any CPU.Build.0 = Release|Any CPU
		{603F61E4-C3EB-4E87-BF47-A80574B8D9EF}.Release|x64.ActiveCfg = Release|Any CPU
		{603F61E4-C3EB-4E87-BF47-A80574B8D9EF}.Release|x64.Build.0 = Release|Any CPU
		{603F61E4-C3EB-4E87-BF47-A80574B8D9EF}.Release|x86.ActiveCfg = Release|Any CPU
		{603F61E4-C3EB-4E87-BF47-A80574B8D9EF}.Release|x86.Build.0 = Release|Any CPU
		{08FB092A-25DE-4F80-ABD6-88C6C9F0CE36}.Debug|Any CPU.ActiveCfg = Debug|Any CPU
		{08FB092A-25DE-4F80-ABD6-88C6C9F0CE36}.Debug|Any CPU.Build.0 = Debug|Any CPU
		{08FB092A-25DE-4F80-ABD6-88C6C9F0CE36}.Debug|x64.ActiveCfg = Debug|Any CPU
		{08FB092A-25DE-4F80-ABD6-88C6C9F0CE36}.Debug|x64.Build.0 = Debug|Any CPU
		{08FB092A-25DE-4F80-ABD6-88C6C9F0CE36}.Debug|x86.ActiveCfg = Debug|Any CPU
		{08FB092A-25DE-4F80-ABD6-88C6C9F0CE36}.Debug|x86.Build.0 = Debug|Any CPU
		{08FB092A-25DE-4F80-ABD6-88C6C9F0CE36}.Release|Any CPU.ActiveCfg = Release|Any CPU
		{08FB092A-25DE-4F80-ABD6-88C6C9F0CE36}.Release|Any CPU.Build.0 = Release|Any CPU
		{08FB092A-25DE-4F80-ABD6-88C6C9F0CE36}.Release|x64.ActiveCfg = Release|Any CPU
		{08FB092A-25DE-4F80-ABD6-88C6C9F0CE36}.Release|x64.Build.0 = Release|Any CPU
		{08FB092A-25DE-4F80-ABD6-88C6C9F0CE36}.Release|x86.ActiveCfg = Release|Any CPU
		{08FB092A-25DE-4F80-ABD6-88C6C9F0CE36}.Release|x86.Build.0 = Release|Any CPU
		{CE93740F-768A-4D0A-A942-B72EA487D84F}.Debug|Any CPU.ActiveCfg = Debug|Any CPU
		{CE93740F-768A-4D0A-A942-B72EA487D84F}.Debug|Any CPU.Build.0 = Debug|Any CPU
		{CE93740F-768A-4D0A-A942-B72EA487D84F}.Debug|x64.ActiveCfg = Debug|Any CPU
		{CE93740F-768A-4D0A-A942-B72EA487D84F}.Debug|x64.Build.0 = Debug|Any CPU
		{CE93740F-768A-4D0A-A942-B72EA487D84F}.Debug|x86.ActiveCfg = Debug|Any CPU
		{CE93740F-768A-4D0A-A942-B72EA487D84F}.Debug|x86.Build.0 = Debug|Any CPU
		{CE93740F-768A-4D0A-A942-B72EA487D84F}.Release|Any CPU.ActiveCfg = Release|Any CPU
		{CE93740F-768A-4D0A-A942-B72EA487D84F}.Release|Any CPU.Build.0 = Release|Any CPU
		{CE93740F-768A-4D0A-A942-B72EA487D84F}.Release|x64.ActiveCfg = Release|Any CPU
		{CE93740F-768A-4D0A-A942-B72EA487D84F}.Release|x64.Build.0 = Release|Any CPU
		{CE93740F-768A-4D0A-A942-B72EA487D84F}.Release|x86.ActiveCfg = Release|Any CPU
		{CE93740F-768A-4D0A-A942-B72EA487D84F}.Release|x86.Build.0 = Release|Any CPU
		{23277E38-36AE-47FD-9511-041D94BCD578}.Debug|Any CPU.ActiveCfg = Debug|Any CPU
		{23277E38-36AE-47FD-9511-041D94BCD578}.Debug|Any CPU.Build.0 = Debug|Any CPU
		{23277E38-36AE-47FD-9511-041D94BCD578}.Debug|x64.ActiveCfg = Debug|Any CPU
		{23277E38-36AE-47FD-9511-041D94BCD578}.Debug|x64.Build.0 = Debug|Any CPU
		{23277E38-36AE-47FD-9511-041D94BCD578}.Debug|x86.ActiveCfg = Debug|Any CPU
		{23277E38-36AE-47FD-9511-041D94BCD578}.Debug|x86.Build.0 = Debug|Any CPU
		{23277E38-36AE-47FD-9511-041D94BCD578}.Release|Any CPU.ActiveCfg = Release|Any CPU
		{23277E38-36AE-47FD-9511-041D94BCD578}.Release|Any CPU.Build.0 = Release|Any CPU
		{23277E38-36AE-47FD-9511-041D94BCD578}.Release|x64.ActiveCfg = Release|Any CPU
		{23277E38-36AE-47FD-9511-041D94BCD578}.Release|x64.Build.0 = Release|Any CPU
		{23277E38-36AE-47FD-9511-041D94BCD578}.Release|x86.ActiveCfg = Release|Any CPU
		{23277E38-36AE-47FD-9511-041D94BCD578}.Release|x86.Build.0 = Release|Any CPU
		{66DC1E1A-9348-4DD2-9879-86212536D66A}.Debug|Any CPU.ActiveCfg = Debug|Any CPU
		{66DC1E1A-9348-4DD2-9879-86212536D66A}.Debug|Any CPU.Build.0 = Debug|Any CPU
		{66DC1E1A-9348-4DD2-9879-86212536D66A}.Debug|x64.ActiveCfg = Debug|Any CPU
		{66DC1E1A-9348-4DD2-9879-86212536D66A}.Debug|x64.Build.0 = Debug|Any CPU
		{66DC1E1A-9348-4DD2-9879-86212536D66A}.Debug|x86.ActiveCfg = Debug|Any CPU
		{66DC1E1A-9348-4DD2-9879-86212536D66A}.Debug|x86.Build.0 = Debug|Any CPU
		{66DC1E1A-9348-4DD2-9879-86212536D66A}.Release|Any CPU.ActiveCfg = Release|Any CPU
		{66DC1E1A-9348-4DD2-9879-86212536D66A}.Release|Any CPU.Build.0 = Release|Any CPU
		{66DC1E1A-9348-4DD2-9879-86212536D66A}.Release|x64.ActiveCfg = Release|Any CPU
		{66DC1E1A-9348-4DD2-9879-86212536D66A}.Release|x64.Build.0 = Release|Any CPU
		{66DC1E1A-9348-4DD2-9879-86212536D66A}.Release|x86.ActiveCfg = Release|Any CPU
		{66DC1E1A-9348-4DD2-9879-86212536D66A}.Release|x86.Build.0 = Release|Any CPU
	EndGlobalSection
EndGlobal
